
Microsoft Visual Studio Solution File, Format Version 12.00
# Visual Studio Version 17
VisualStudioVersion = 17.2.32630.192
MinimumVisualStudioVersion = 10.0.40219.1
Project("{FAE04EC0-301F-11D3-BF4B-00C04F79EFBC}") = "Heroes", "Heroes\Heroes.csproj", "{F5A2C774-24A3-460F-BC35-66A1CC186C84}"
EndProject
Global
	GlobalSection(SolutionConfigurationPlatforms) = preSolution
		Debug|Any CPU = Debug|Any CPU
		Release|Any CPU = Release|Any CPU
	EndGlobalSection
	GlobalSection(ProjectConfigurationPlatforms) = postSolution
		{F5A2C774-24A3-460F-BC35-66A1CC186C84}.Debug|Any CPU.ActiveCfg = Debug|Any CPU
		{F5A2C774-24A3-460F-BC35-66A1CC186C84}.Debug|Any CPU.Build.0 = Debug|Any CPU
		{F5A2C774-24A3-460F-BC35-66A1CC186C84}.Release|Any CPU.ActiveCfg = Release|Any CPU
		{F5A2C774-24A3-460F-BC35-66A1CC186C84}.Release|Any CPU.Build.0 = Release|Any CPU
	EndGlobalSection
	GlobalSection(SolutionProperties) = preSolution
		HideSolutionNode = FALSE
	EndGlobalSection
	GlobalSection(ExtensibilityGlobals) = postSolution
		SolutionGuid = {8262C740-76BB-46D8-9109-7E3D8C63D598}
	EndGlobalSection
EndGlobal
